// !$*UTF8*$!
{
	archiveVersion = 1;
	classes = {
	};
	objectVersion = 46;
	objects = {

/* Begin PBXBuildFile section */
		DD9350CE1F4B148400B67EB3 /* AppDelegate.swift in Sources */ = {isa = PBXBuildFile; fileRef = DD9350CD1F4B148400B67EB3 /* AppDelegate.swift */; };
		DD9350D01F4B148400B67EB3 /* ViewController.swift in Sources */ = {isa = PBXBuildFile; fileRef = DD9350CF1F4B148400B67EB3 /* ViewController.swift */; };
		DD9350D31F4B148400B67EB3 /* Main.storyboard in Resources */ = {isa = PBXBuildFile; fileRef = DD9350D11F4B148400B67EB3 /* Main.storyboard */; };
		DD9350D51F4B148400B67EB3 /* Assets.xcassets in Resources */ = {isa = PBXBuildFile; fileRef = DD9350D41F4B148400B67EB3 /* Assets.xcassets */; };
		DD9350D81F4B148400B67EB3 /* LaunchScreen.storyboard in Resources */ = {isa = PBXBuildFile; fileRef = DD9350D61F4B148400B67EB3 /* LaunchScreen.storyboard */; };
		DD9350E01F4B223C00B67EB3 /* CounterView.swift in Sources */ = {isa = PBXBuildFile; fileRef = DD9350DF1F4B223C00B67EB3 /* CounterView.swift */; };
		DD9350E21F4B249000B67EB3 /* KeyMemory.swift in Sources */ = {isa = PBXBuildFile; fileRef = DD9350E11F4B249000B67EB3 /* KeyMemory.swift */; };
		DD9350EA1F4B25E900B67EB3 /* MemeryTableViewCell.swift in Sources */ = {isa = PBXBuildFile; fileRef = DD9350E81F4B25E900B67EB3 /* MemeryTableViewCell.swift */; };
		DD9350EB1F4B25E900B67EB3 /* MemeryTableViewCell.xib in Resources */ = {isa = PBXBuildFile; fileRef = DD9350E91F4B25E900B67EB3 /* MemeryTableViewCell.xib */; };
		DD9350ED1F4B440B00B67EB3 /* TimelineView.swift in Sources */ = {isa = PBXBuildFile; fileRef = DD9350EC1F4B440B00B67EB3 /* TimelineView.swift */; };
/* End PBXBuildFile section */

/* Begin PBXFileReference section */
		DD9350CA1F4B148400B67EB3 /* Our Days.app */ = {isa = PBXFileReference; explicitFileType = wrapper.application; includeInIndex = 0; path = "Our Days.app"; sourceTree = BUILT_PRODUCTS_DIR; };
		DD9350CD1F4B148400B67EB3 /* AppDelegate.swift */ = {isa = PBXFileReference; lastKnownFileType = sourcecode.swift; path = AppDelegate.swift; sourceTree = "<group>"; };
		DD9350CF1F4B148400B67EB3 /* ViewController.swift */ = {isa = PBXFileReference; lastKnownFileType = sourcecode.swift; path = ViewController.swift; sourceTree = "<group>"; };
		DD9350D21F4B148400B67EB3 /* Base */ = {isa = PBXFileReference; lastKnownFileType = file.storyboard; name = Base; path = Base.lproj/Main.storyboard; sourceTree = "<group>"; };
		DD9350D41F4B148400B67EB3 /* Assets.xcassets */ = {isa = PBXFileReference; lastKnownFileType = folder.assetcatalog; path = Assets.xcassets; sourceTree = "<group>"; };
		DD9350D71F4B148400B67EB3 /* Base */ = {isa = PBXFileReference; lastKnownFileType = file.storyboard; name = Base; path = Base.lproj/LaunchScreen.storyboard; sourceTree = "<group>"; };
		DD9350D91F4B148400B67EB3 /* Info.plist */ = {isa = PBXFileReference; lastKnownFileType = text.plist.xml; path = Info.plist; sourceTree = "<group>"; };
		DD9350DF1F4B223C00B67EB3 /* CounterView.swift */ = {isa = PBXFileReference; fileEncoding = 4; lastKnownFileType = sourcecode.swift; path = CounterView.swift; sourceTree = "<group>"; };
		DD9350E11F4B249000B67EB3 /* KeyMemory.swift */ = {isa = PBXFileReference; fileEncoding = 4; lastKnownFileType = sourcecode.swift; path = KeyMemory.swift; sourceTree = "<group>"; };
		DD9350E81F4B25E900B67EB3 /* MemeryTableViewCell.swift */ = {isa = PBXFileReference; fileEncoding = 4; lastKnownFileType = sourcecode.swift; path = MemeryTableViewCell.swift; sourceTree = "<group>"; };
		DD9350E91F4B25E900B67EB3 /* MemeryTableViewCell.xib */ = {isa = PBXFileReference; fileEncoding = 4; lastKnownFileType = file.xib; path = MemeryTableViewCell.xib; sourceTree = "<group>"; };
		DD9350EC1F4B440B00B67EB3 /* TimelineView.swift */ = {isa = PBXFileReference; fileEncoding = 4; lastKnownFileType = sourcecode.swift; path = TimelineView.swift; sourceTree = "<group>"; };
/* End PBXFileReference section */

/* Begin PBXFrameworksBuildPhase section */
		DD9350C71F4B148400B67EB3 /* Frameworks */ = {
			isa = PBXFrameworksBuildPhase;
			buildActionMask = 2147483647;
			files = (
			);
			runOnlyForDeploymentPostprocessing = 0;
		};
/* End PBXFrameworksBuildPhase section */

/* Begin PBXGroup section */
		DD9350C11F4B148400B67EB3 = {
			isa = PBXGroup;
			children = (
				DD9350CC1F4B148400B67EB3 /* Our Days */,
				DD9350CB1F4B148400B67EB3 /* Products */,
			);
			sourceTree = "<group>";
		};
		DD9350CB1F4B148400B67EB3 /* Products */ = {
			isa = PBXGroup;
			children = (
				DD9350CA1F4B148400B67EB3 /* Our Days.app */,
			);
			name = Products;
			sourceTree = "<group>";
		};
		DD9350CC1F4B148400B67EB3 /* Our Days */ = {
			isa = PBXGroup;
			children = (
				DD9350E51F4B24E600B67EB3 /* Model */,
				DD9350E41F4B24DC00B67EB3 /* Controller */,
				DD9350E31F4B24D200B67EB3 /* View */,
				DD9350CD1F4B148400B67EB3 /* AppDelegate.swift */,
				DD9350D11F4B148400B67EB3 /* Main.storyboard */,
				DD9350D41F4B148400B67EB3 /* Assets.xcassets */,
				DD9350D61F4B148400B67EB3 /* LaunchScreen.storyboard */,
				DD9350D91F4B148400B67EB3 /* Info.plist */,
			);
			path = "Our Days";
			sourceTree = "<group>";
		};
		DD9350E31F4B24D200B67EB3 /* View */ = {
			isa = PBXGroup;
			children = (
				DD9350DF1F4B223C00B67EB3 /* CounterView.swift */,
				DD9350E81F4B25E900B67EB3 /* MemeryTableViewCell.swift */,
				DD9350E91F4B25E900B67EB3 /* MemeryTableViewCell.xib */,
				DD9350EC1F4B440B00B67EB3 /* TimelineView.swift */,
			);
			name = View;
			sourceTree = "<group>";
		};
		DD9350E41F4B24DC00B67EB3 /* Controller */ = {
			isa = PBXGroup;
			children = (
				DD9350CF1F4B148400B67EB3 /* ViewController.swift */,
			);
			name = Controller;
			sourceTree = "<group>";
		};
		DD9350E51F4B24E600B67EB3 /* Model */ = {
			isa = PBXGroup;
			children = (
				DD9350E11F4B249000B67EB3 /* KeyMemory.swift */,
			);
			name = Model;
			sourceTree = "<group>";
		};
/* End PBXGroup section */

/* Begin PBXNativeTarget section */
		DD9350C91F4B148400B67EB3 /* Our Days */ = {
			isa = PBXNativeTarget;
			buildConfigurationList = DD9350DC1F4B148400B67EB3 /* Build configuration list for PBXNativeTarget "Our Days" */;
			buildPhases = (
				DD9350C61F4B148400B67EB3 /* Sources */,
				DD9350C71F4B148400B67EB3 /* Frameworks */,
				DD9350C81F4B148400B67EB3 /* Resources */,
			);
			buildRules = (
			);
			dependencies = (
			);
			name = "Our Days";
			productName = "Our Days";
			productReference = DD9350CA1F4B148400B67EB3 /* Our Days.app */;
			productType = "com.apple.product-type.application";
		};
/* End PBXNativeTarget section */

/* Begin PBXProject section */
		DD9350C21F4B148400B67EB3 /* Project object */ = {
			isa = PBXProject;
			attributes = {
				LastSwiftUpdateCheck = 0830;
				LastUpgradeCheck = 0830;
				ORGANIZATIONNAME = Mike.Zhou;
				TargetAttributes = {
					DD9350C91F4B148400B67EB3 = {
						CreatedOnToolsVersion = 8.3.3;
						DevelopmentTeam = H2YPMN4R7B;
						ProvisioningStyle = Automatic;
					};
				};
			};
			buildConfigurationList = DD9350C51F4B148400B67EB3 /* Build configuration list for PBXProject "Our Days" */;
			compatibilityVersion = "Xcode 3.2";
			developmentRegion = English;
			hasScannedForEncodings = 0;
			knownRegions = (
				en,
				Base,
			);
			mainGroup = DD9350C11F4B148400B67EB3;
			productRefGroup = DD9350CB1F4B148400B67EB3 /* Products */;
			projectDirPath = "";
			projectRoot = "";
			targets = (
				DD9350C91F4B148400B67EB3 /* Our Days */,
			);
		};
/* End PBXProject section */

/* Begin PBXResourcesBuildPhase section */
		DD9350C81F4B148400B67EB3 /* Resources */ = {
			isa = PBXResourcesBuildPhase;
			buildActionMask = 2147483647;
			files = (
				DD9350D81F4B148400B67EB3 /* LaunchScreen.storyboard in Resources */,
				DD9350D51F4B148400B67EB3 /* Assets.xcassets in Resources */,
				DD9350EB1F4B25E900B67EB3 /* MemeryTableViewCell.xib in Resources */,
				DD9350D31F4B148400B67EB3 /* Main.storyboard in Resources */,
			);
			runOnlyForDeploymentPostprocessing = 0;
		};
/* End PBXResourcesBuildPhase section */

/* Begin PBXSourcesBuildPhase section */
		DD9350C61F4B148400B67EB3 /* Sources */ = {
			isa = PBXSourcesBuildPhase;
			buildActionMask = 2147483647;
			files = (
				DD9350E21F4B249000B67EB3 /* KeyMemory.swift in Sources */,
				DD9350ED1F4B440B00B67EB3 /* TimelineView.swift in Sources */,
				DD9350D01F4B148400B67EB3 /* ViewController.swift in Sources */,
				DD9350EA1F4B25E900B67EB3 /* MemeryTableViewCell.swift in Sources */,
				DD9350CE1F4B148400B67EB3 /* AppDelegate.swift in Sources */,
				DD9350E01F4B223C00B67EB3 /* CounterView.swift in Sources */,
			);
			runOnlyForDeploymentPostprocessing = 0;
		};
/* End PBXSourcesBuildPhase section */

/* Begin PBXVariantGroup section */
		DD9350D11F4B148400B67EB3 /* Main.storyboard */ = {
			isa = PBXVariantGroup;
			children = (
				DD9350D21F4B148400B67EB3 /* Base */,
			);
			name = Main.storyboard;
			sourceTree = "<group>";
		};
		DD9350D61F4B148400B67EB3 /* LaunchScreen.storyboard */ = {
			isa = PBXVariantGroup;
			children = (
				DD9350D71F4B148400B67EB3 /* Base */,
			);
			name = LaunchScreen.storyboard;
			sourceTree = "<group>";
		};
/* End PBXVariantGroup section */

/* Begin XCBuildConfiguration section */
		DD9350DA1F4B148400B67EB3 /* Debug */ = {
			isa = XCBuildConfiguration;
			buildSettings = {
				ALWAYS_SEARCH_USER_PATHS = NO;
				CLANG_ANALYZER_NONNULL = YES;
				CLANG_ANALYZER_NUMBER_OBJECT_CONVERSION = YES_AGGRESSIVE;
				CLANG_CXX_LANGUAGE_STANDARD = "gnu++0x";
				CLANG_CXX_LIBRARY = "libc++";
				CLANG_ENABLE_MODULES = YES;
				CLANG_ENABLE_OBJC_ARC = YES;
				CLANG_WARN_BOOL_CONVERSION = YES;
				CLANG_WARN_CONSTANT_CONVERSION = YES;
				CLANG_WARN_DIRECT_OBJC_ISA_USAGE = YES_ERROR;
				CLANG_WARN_DOCUMENTATION_COMMENTS = YES;
				CLANG_WARN_EMPTY_BODY = YES;
				CLANG_WARN_ENUM_CONVERSION = YES;
				CLANG_WARN_INFINITE_RECURSION = YES;
				CLANG_WARN_INT_CONVERSION = YES;
				CLANG_WARN_OBJC_ROOT_CLASS = YES_ERROR;
				CLANG_WARN_SUSPICIOUS_MOVE = YES;
				CLANG_WARN_UNREACHABLE_CODE = YES;
				CLANG_WARN__DUPLICATE_METHOD_MATCH = YES;
				"CODE_SIGN_IDENTITY[sdk=iphoneos*]" = "iPhone Developer";
				COPY_PHASE_STRIP = NO;
				DEBUG_INFORMATION_FORMAT = dwarf;
				ENABLE_STRICT_OBJC_MSGSEND = YES;
				ENABLE_TESTABILITY = YES;
				GCC_C_LANGUAGE_STANDARD = gnu99;
				GCC_DYNAMIC_NO_PIC = NO;
				GCC_NO_COMMON_BLOCKS = YES;
				GCC_OPTIMIZATION_LEVEL = 0;
				GCC_PREPROCESSOR_DEFINITIONS = (
					"DEBUG=1",
					"$(inherited)",
				);
				GCC_WARN_64_TO_32_BIT_CONVERSION = YES;
				GCC_WARN_ABOUT_RETURN_TYPE = YES_ERROR;
				GCC_WARN_UNDECLARED_SELECTOR = YES;
				GCC_WARN_UNINITIALIZED_AUTOS = YES_AGGRESSIVE;
				GCC_WARN_UNUSED_FUNCTION = YES;
				GCC_WARN_UNUSED_VARIABLE = YES;
				IPHONEOS_DEPLOYMENT_TARGET = 10.3;
				MTL_ENABLE_DEBUG_INFO = YES;
				ONLY_ACTIVE_ARCH = YES;
				SDKROOT = iphoneos;
				SWIFT_ACTIVE_COMPILATION_CONDITIONS = DEBUG;
				SWIFT_OPTIMIZATION_LEVEL = "-Onone";
			};
			name = Debug;
		};
		DD9350DB1F4B148400B67EB3 /* Release */ = {
			isa = XCBuildConfiguration;
			buildSettings = {
				ALWAYS_SEARCH_USER_PATHS = NO;
				CLANG_ANALYZER_NONNULL = YES;
				CLANG_ANALYZER_NUMBER_OBJECT_CONVERSION = YES_AGGRESSIVE;
				CLANG_CXX_LANGUAGE_STANDARD = "gnu++0x";
				CLANG_CXX_LIBRARY = "libc++";
				CLANG_ENABLE_MODULES = YES;
				CLANG_ENABLE_OBJC_ARC = YES;
				CLANG_WARN_BOOL_CONVERSION = YES;
				CLANG_WARN_CONSTANT_CONVERSION = YES;
				CLANG_WARN_DIRECT_OBJC_ISA_USAGE = YES_ERROR;
				CLANG_WARN_DOCUMENTATION_COMMENTS = YES;
				CLANG_WARN_EMPTY_BODY = YES;
				CLANG_WARN_ENUM_CONVERSION = YES;
				CLANG_WARN_INFINITE_RECURSION = YES;
				CLANG_WARN_INT_CONVERSION = YES;
				CLANG_WARN_OBJC_ROOT_CLASS = YES_ERROR;
				CLANG_WARN_SUSPICIOUS_MOVE = YES;
				CLANG_WARN_UNREACHABLE_CODE = YES;
				CLANG_WARN__DUPLICATE_METHOD_MATCH = YES;
				"CODE_SIGN_IDENTITY[sdk=iphoneos*]" = "iPhone Developer";
				COPY_PHASE_STRIP = NO;
				DEBUG_INFORMATION_FORMAT = "dwarf-with-dsym";
				ENABLE_NS_ASSERTIONS = NO;
				ENABLE_STRICT_OBJC_MSGSEND = YES;
				GCC_C_LANGUAGE_STANDARD = gnu99;
				GCC_NO_COMMON_BLOCKS = YES;
				GCC_WARN_64_TO_32_BIT_CONVERSION = YES;
				GCC_WARN_ABOUT_RETURN_TYPE = YES_ERROR;
				GCC_WARN_UNDECLARED_SELECTOR = YES;
				GCC_WARN_UNINITIALIZED_AUTOS = YES_AGGRESSIVE;
				GCC_WARN_UNUSED_FUNCTION = YES;
				GCC_WARN_UNUSED_VARIABLE = YES;
				IPHONEOS_DEPLOYMENT_TARGET = 10.3;
				MTL_ENABLE_DEBUG_INFO = NO;
				SDKROOT = iphoneos;
				SWIFT_OPTIMIZATION_LEVEL = "-Owholemodule";
				VALIDATE_PRODUCT = YES;
			};
			name = Release;
		};
		DD9350DD1F4B148400B67EB3 /* Debug */ = {
			isa = XCBuildConfiguration;
			buildSettings = {
				ASSETCATALOG_COMPILER_APPICON_NAME = AppIcon;
				DEVELOPMENT_TEAM = H2YPMN4R7B;
				INFOPLIST_FILE = "Our Days/Info.plist";
				LD_RUNPATH_SEARCH_PATHS = "$(inherited) @executable_path/Frameworks";
				PRODUCT_BUNDLE_IDENTIFIER = "it.miketech.Our-Days";
				PRODUCT_NAME = "$(TARGET_NAME)";
				SWIFT_VERSION = 3.0;
			};
			name = Debug;
		};
		DD9350DE1F4B148400B67EB3 /* Release */ = {
			isa = XCBuildConfiguration;
			buildSettings = {
				ASSETCATALOG_COMPILER_APPICON_NAME = AppIcon;
				DEVELOPMENT_TEAM = H2YPMN4R7B;
				INFOPLIST_FILE = "Our Days/Info.plist";
				LD_RUNPATH_SEARCH_PATHS = "$(inherited) @executable_path/Frameworks";
				PRODUCT_BUNDLE_IDENTIFIER = "it.miketech.Our-Days";
				PRODUCT_NAME = "$(TARGET_NAME)";
				SWIFT_VERSION = 3.0;
			};
			name = Release;
		};
/* End XCBuildConfiguration section */

/* Begin XCConfigurationList section */
		DD9350C51F4B148400B67EB3 /* Build configuration list for PBXProject "Our Days" */ = {
			isa = XCConfigurationList;
			buildConfigurations = (
				DD9350DA1F4B148400B67EB3 /* Debug */,
				DD9350DB1F4B148400B67EB3 /* Release */,
			);
			defaultConfigurationIsVisible = 0;
			defaultConfigurationName = Release;
		};
		DD9350DC1F4B148400B67EB3 /* Build configuration list for PBXNativeTarget "Our Days" */ = {
			isa = XCConfigurationList;
			buildConfigurations = (
				DD9350DD1F4B148400B67EB3 /* Debug */,
				DD9350DE1F4B148400B67EB3 /* Release */,
			);
			defaultConfigurationIsVisible = 0;
		};
/* End XCConfigurationList section */
	};
	rootObject = DD9350C21F4B148400B67EB3 /* Project object */;
}
